
Microsoft Visual Studio Solution File, Format Version 12.00
# Visual Studio 14
VisualStudioVersion = 14.0.24720.0
MinimumVisualStudioVersion = 10.0.40219.1
Project("{F2A71F9B-5D33-465A-A702-920D77279786}") = "ConsoleApplication2", "ConsoleApplication2\ConsoleApplication2.fsproj", "{D98D06DC-123E-4A71-91F7-2B279E12FB94}"
EndProject
Project("{2150E333-8FDC-42A3-9474-1A3956D46DE8}") = "elm-source", "elm-source", "{6B5D913C-29F7-4FED-98ED-74F96B141CDE}"
EndProject
Project("{2150E333-8FDC-42A3-9474-1A3956D46DE8}") = "filez", "filez", "{9C1505AA-CB26-4CA1-A01E-164102BA9650}"
	ProjectSection(SolutionItems) = preProject
		ConsoleApplication2\bin\Debug\filez\game.elm = ConsoleApplication2\bin\Debug\filez\game.elm
		ConsoleApplication2\bin\Debug\filez\game.js = ConsoleApplication2\bin\Debug\filez\game.js
		ConsoleApplication2\bin\Debug\filez\index.html = ConsoleApplication2\bin\Debug\filez\index.html
		ConsoleApplication2\bin\Debug\filez\temp.txt = ConsoleApplication2\bin\Debug\filez\temp.txt
	EndProjectSection
EndProject
Global
	GlobalSection(SolutionConfigurationPlatforms) = preSolution
		Debug|Any CPU = Debug|Any CPU
		Release|Any CPU = Release|Any CPU
	EndGlobalSection
	GlobalSection(ProjectConfigurationPlatforms) = postSolution
		{D98D06DC-123E-4A71-91F7-2B279E12FB94}.Debug|Any CPU.ActiveCfg = Debug|Any CPU
		{D98D06DC-123E-4A71-91F7-2B279E12FB94}.Debug|Any CPU.Build.0 = Debug|Any CPU
		{D98D06DC-123E-4A71-91F7-2B279E12FB94}.Release|Any CPU.ActiveCfg = Release|Any CPU
		{D98D06DC-123E-4A71-91F7-2B279E12FB94}.Release|Any CPU.Build.0 = Release|Any CPU
	EndGlobalSection
	GlobalSection(SolutionProperties) = preSolution
		HideSolutionNode = FALSE
	EndGlobalSection
EndGlobal
